// !$*UTF8*$!
{
	archiveVersion = 1;
	classes = {
	};
	objectVersion = 48;
	objects = {

/* Begin PBXBuildFile section */
		6411FC221FE90D4F000EA494 /* Ch3_3_ViewController.m in Sources */ = {isa = PBXBuildFile; fileRef = 6411FC201FE90D4F000EA494 /* Ch3_3_ViewController.m */; };
		6411FC231FE90D4F000EA494 /* Ch3_3_ViewController.xib in Resources */ = {isa = PBXBuildFile; fileRef = 6411FC211FE90D4F000EA494 /* Ch3_3_ViewController.xib */; };
		6411FC251FE91393000EA494 /* grid.png in Resources */ = {isa = PBXBuildFile; fileRef = 6411FC241FE91393000EA494 /* grid.png */; };
		6411FC281FE91C72000EA494 /* GLKEffectPropertyTexture+AGLKAdditions.m in Sources */ = {isa = PBXBuildFile; fileRef = 6411FC271FE91C72000EA494 /* GLKEffectPropertyTexture+AGLKAdditions.m */; };
		6413E3311FE77C3400215F38 /* AGLKContext.m in Sources */ = {isa = PBXBuildFile; fileRef = 6413E3301FE77C3400215F38 /* AGLKContext.m */; };
		6413E3351FE77C8300215F38 /* OpenGLES.framework in Frameworks */ = {isa = PBXBuildFile; fileRef = 6413E3341FE77C8300215F38 /* OpenGLES.framework */; };
		6413E3371FE77D0100215F38 /* GLKit.framework in Frameworks */ = {isa = PBXBuildFile; fileRef = 6413E3361FE77D0100215F38 /* GLKit.framework */; };
		6413E33A1FE7954600215F38 /* AGLKVertexAttribArrayBuffer.m in Sources */ = {isa = PBXBuildFile; fileRef = 6413E3391FE7954600215F38 /* AGLKVertexAttribArrayBuffer.m */; };
		6413E33D1FE7A48600215F38 /* Ch3_1_ViewController.m in Sources */ = {isa = PBXBuildFile; fileRef = 6413E33C1FE7A48600215F38 /* Ch3_1_ViewController.m */; };
		6413E3431FE7BA5100215F38 /* Ch3_2_ViewController.m in Sources */ = {isa = PBXBuildFile; fileRef = 6413E3421FE7BA5100215F38 /* Ch3_2_ViewController.m */; };
		6413E3451FE7BD2E00215F38 /* icon.png in Resources */ = {isa = PBXBuildFile; fileRef = 6413E3441FE7BD2E00215F38 /* icon.png */; };
		6413E3481FE7BFA100215F38 /* AGLKTextureInfo.m in Sources */ = {isa = PBXBuildFile; fileRef = 6413E3471FE7BFA100215F38 /* AGLKTextureInfo.m */; };
		6413E34B1FE7BFFB00215F38 /* AGLKTextureLoader.m in Sources */ = {isa = PBXBuildFile; fileRef = 6413E34A1FE7BFFB00215F38 /* AGLKTextureLoader.m */; };
		6433F3C41FED0D5100056A31 /* Ch1_1_ViewController.m in Sources */ = {isa = PBXBuildFile; fileRef = 6433F3C21FED0D5100056A31 /* Ch1_1_ViewController.m */; };
		6433F3C51FED0D5100056A31 /* Ch1_1_ViewController.xib in Resources */ = {isa = PBXBuildFile; fileRef = 6433F3C31FED0D5100056A31 /* Ch1_1_ViewController.xib */; };
		644D232E1FE3D71900C53861 /* Ch2_1_ViewController.m in Sources */ = {isa = PBXBuildFile; fileRef = 644D23261FE3D71900C53861 /* Ch2_1_ViewController.m */; };
		644D232F1FE3D71900C53861 /* Ch2_2_ViewController.m in Sources */ = {isa = PBXBuildFile; fileRef = 644D232A1FE3D71900C53861 /* Ch2_2_ViewController.m */; };
		644D23301FE3D71900C53861 /* BaseViewController.m in Sources */ = {isa = PBXBuildFile; fileRef = 644D232C1FE3D71900C53861 /* BaseViewController.m */; };
		644D23331FE3D74A00C53861 /* AGLKView.m in Sources */ = {isa = PBXBuildFile; fileRef = 644D23321FE3D74A00C53861 /* AGLKView.m */; };
		646F905C1FEA45E50074B4DF /* Ch3_4_ViewController.m in Sources */ = {isa = PBXBuildFile; fileRef = 646F905A1FEA45E50074B4DF /* Ch3_4_ViewController.m */; };
		646F905D1FEA45E50074B4DF /* Ch3_4_ViewController.xib in Resources */ = {isa = PBXBuildFile; fileRef = 646F905B1FEA45E50074B4DF /* Ch3_4_ViewController.xib */; };
		646F90681FEA46CA0074B4DF /* Ch3_5_ViewController.m in Sources */ = {isa = PBXBuildFile; fileRef = 646F90661FEA46CA0074B4DF /* Ch3_5_ViewController.m */; };
		646F90691FEA46CA0074B4DF /* Ch3_5_ViewController.xib in Resources */ = {isa = PBXBuildFile; fileRef = 646F90671FEA46CA0074B4DF /* Ch3_5_ViewController.xib */; };
		646F906D1FEA46DB0074B4DF /* Ch3_6_ViewController.m in Sources */ = {isa = PBXBuildFile; fileRef = 646F906B1FEA46DB0074B4DF /* Ch3_6_ViewController.m */; };
		646F906E1FEA46DB0074B4DF /* Ch3_6_ViewController.xib in Resources */ = {isa = PBXBuildFile; fileRef = 646F906C1FEA46DB0074B4DF /* Ch3_6_ViewController.xib */; };
		646F90711FEA50990074B4DF /* leaves.gif in Resources */ = {isa = PBXBuildFile; fileRef = 646F906F1FEA50990074B4DF /* leaves.gif */; };
		646F90721FEA50990074B4DF /* beetle.png in Resources */ = {isa = PBXBuildFile; fileRef = 646F90701FEA50990074B4DF /* beetle.png */; };
		646F90741FEA51450074B4DF /* leaves.png in Resources */ = {isa = PBXBuildFile; fileRef = 646F90731FEA51440074B4DF /* leaves.png */; };
		646F90831FEA71100074B4DF /* Shader.fsh in Resources */ = {isa = PBXBuildFile; fileRef = 646F90821FEA71100074B4DF /* Shader.fsh */; };
		646F90851FEA71340074B4DF /* Shader.vsh in Resources */ = {isa = PBXBuildFile; fileRef = 646F90841FEA71340074B4DF /* Shader.vsh */; };
		6473B8E81FE28EDC0026D9DE /* AppDelegate.m in Sources */ = {isa = PBXBuildFile; fileRef = 6473B8E71FE28EDC0026D9DE /* AppDelegate.m */; };
		6473B8EE1FE28EDC0026D9DE /* Main.storyboard in Resources */ = {isa = PBXBuildFile; fileRef = 6473B8EC1FE28EDC0026D9DE /* Main.storyboard */; };
		6473B8F01FE28EDC0026D9DE /* Assets.xcassets in Resources */ = {isa = PBXBuildFile; fileRef = 6473B8EF1FE28EDC0026D9DE /* Assets.xcassets */; };
		6473B8F31FE28EDC0026D9DE /* LaunchScreen.storyboard in Resources */ = {isa = PBXBuildFile; fileRef = 6473B8F11FE28EDC0026D9DE /* LaunchScreen.storyboard */; };
		6473B8F61FE28EDC0026D9DE /* main.m in Sources */ = {isa = PBXBuildFile; fileRef = 6473B8F51FE28EDC0026D9DE /* main.m */; };
		6473B9001FE28EDC0026D9DE /* LearningOpenGL_ES2_0Tests.m in Sources */ = {isa = PBXBuildFile; fileRef = 6473B8FF1FE28EDC0026D9DE /* LearningOpenGL_ES2_0Tests.m */; };
		6473B90B1FE28EDC0026D9DE /* LearningOpenGL_ES2_0UITests.m in Sources */ = {isa = PBXBuildFile; fileRef = 6473B90A1FE28EDC0026D9DE /* LearningOpenGL_ES2_0UITests.m */; };
		6473B91A1FE292AB0026D9DE /* RootTableViewController.m in Sources */ = {isa = PBXBuildFile; fileRef = 6473B9191FE292AB0026D9DE /* RootTableViewController.m */; };
		6473B9291FE2AA8E0026D9DE /* RootNavigationController.m in Sources */ = {isa = PBXBuildFile; fileRef = 6473B9281FE2AA8E0026D9DE /* RootNavigationController.m */; };
/* End PBXBuildFile section */

/* Begin PBXContainerItemProxy section */
		6473B8FC1FE28EDC0026D9DE /* PBXContainerItemProxy */ = {
			isa = PBXContainerItemProxy;
			containerPortal = 6473B8DB1FE28EDC0026D9DE /* Project object */;
			proxyType = 1;
			remoteGlobalIDString = 6473B8E21FE28EDC0026D9DE;
			remoteInfo = "LearningOpenGL ES2.0";
		};
		6473B9071FE28EDC0026D9DE /* PBXContainerItemProxy */ = {
			isa = PBXContainerItemProxy;
			containerPortal = 6473B8DB1FE28EDC0026D9DE /* Project object */;
			proxyType = 1;
			remoteGlobalIDString = 6473B8E21FE28EDC0026D9DE;
			remoteInfo = "LearningOpenGL ES2.0";
		};
/* End PBXContainerItemProxy section */

/* Begin PBXFileReference section */
		6411FC191FE8EEBB000EA494 /* AGLKit.h */ = {isa = PBXFileReference; lastKnownFileType = sourcecode.c.h; path = AGLKit.h; sourceTree = "<group>"; };
		6411FC1F1FE90D4F000EA494 /* Ch3_3_ViewController.h */ = {isa = PBXFileReference; lastKnownFileType = sourcecode.c.h; path = Ch3_3_ViewController.h; sourceTree = "<group>"; };
		6411FC201FE90D4F000EA494 /* Ch3_3_ViewController.m */ = {isa = PBXFileReference; lastKnownFileType = sourcecode.c.objc; path = Ch3_3_ViewController.m; sourceTree = "<group>"; };
		6411FC211FE90D4F000EA494 /* Ch3_3_ViewController.xib */ = {isa = PBXFileReference; lastKnownFileType = file.xib; path = Ch3_3_ViewController.xib; sourceTree = "<group>"; };
		6411FC241FE91393000EA494 /* grid.png */ = {isa = PBXFileReference; lastKnownFileType = image.png; path = grid.png; sourceTree = "<group>"; };
		6411FC261FE91C72000EA494 /* GLKEffectPropertyTexture+AGLKAdditions.h */ = {isa = PBXFileReference; lastKnownFileType = sourcecode.c.h; path = "GLKEffectPropertyTexture+AGLKAdditions.h"; sourceTree = "<group>"; };
		6411FC271FE91C72000EA494 /* GLKEffectPropertyTexture+AGLKAdditions.m */ = {isa = PBXFileReference; lastKnownFileType = sourcecode.c.objc; path = "GLKEffectPropertyTexture+AGLKAdditions.m"; sourceTree = "<group>"; };
		6413E32F1FE77C3400215F38 /* AGLKContext.h */ = {isa = PBXFileReference; lastKnownFileType = sourcecode.c.h; path = AGLKContext.h; sourceTree = "<group>"; };
		6413E3301FE77C3400215F38 /* AGLKContext.m */ = {isa = PBXFileReference; lastKnownFileType = sourcecode.c.objc; path = AGLKContext.m; sourceTree = "<group>"; };
		6413E3341FE77C8300215F38 /* OpenGLES.framework */ = {isa = PBXFileReference; lastKnownFileType = wrapper.framework; name = OpenGLES.framework; path = System/Library/Frameworks/OpenGLES.framework; sourceTree = SDKROOT; };
		6413E3361FE77D0100215F38 /* GLKit.framework */ = {isa = PBXFileReference; lastKnownFileType = wrapper.framework; name = GLKit.framework; path = System/Library/Frameworks/GLKit.framework; sourceTree = SDKROOT; };
		6413E3381FE7954600215F38 /* AGLKVertexAttribArrayBuffer.h */ = {isa = PBXFileReference; lastKnownFileType = sourcecode.c.h; path = AGLKVertexAttribArrayBuffer.h; sourceTree = "<group>"; };
		6413E3391FE7954600215F38 /* AGLKVertexAttribArrayBuffer.m */ = {isa = PBXFileReference; lastKnownFileType = sourcecode.c.objc; path = AGLKVertexAttribArrayBuffer.m; sourceTree = "<group>"; };
		6413E33B1FE7A48600215F38 /* Ch3_1_ViewController.h */ = {isa = PBXFileReference; lastKnownFileType = sourcecode.c.h; path = Ch3_1_ViewController.h; sourceTree = "<group>"; };
		6413E33C1FE7A48600215F38 /* Ch3_1_ViewController.m */ = {isa = PBXFileReference; lastKnownFileType = sourcecode.c.objc; path = Ch3_1_ViewController.m; sourceTree = "<group>"; };
		6413E3411FE7BA5100215F38 /* Ch3_2_ViewController.h */ = {isa = PBXFileReference; lastKnownFileType = sourcecode.c.h; path = Ch3_2_ViewController.h; sourceTree = "<group>"; };
		6413E3421FE7BA5100215F38 /* Ch3_2_ViewController.m */ = {isa = PBXFileReference; lastKnownFileType = sourcecode.c.objc; path = Ch3_2_ViewController.m; sourceTree = "<group>"; };
		6413E3441FE7BD2E00215F38 /* icon.png */ = {isa = PBXFileReference; lastKnownFileType = image.png; path = icon.png; sourceTree = "<group>"; };
		6413E3461FE7BFA100215F38 /* AGLKTextureInfo.h */ = {isa = PBXFileReference; lastKnownFileType = sourcecode.c.h; path = AGLKTextureInfo.h; sourceTree = "<group>"; };
		6413E3471FE7BFA100215F38 /* AGLKTextureInfo.m */ = {isa = PBXFileReference; lastKnownFileType = sourcecode.c.objc; path = AGLKTextureInfo.m; sourceTree = "<group>"; };
		6413E3491FE7BFFB00215F38 /* AGLKTextureLoader.h */ = {isa = PBXFileReference; lastKnownFileType = sourcecode.c.h; path = AGLKTextureLoader.h; sourceTree = "<group>"; };
		6413E34A1FE7BFFB00215F38 /* AGLKTextureLoader.m */ = {isa = PBXFileReference; lastKnownFileType = sourcecode.c.objc; path = AGLKTextureLoader.m; sourceTree = "<group>"; };
		6433F3C11FED0D5100056A31 /* Ch1_1_ViewController.h */ = {isa = PBXFileReference; lastKnownFileType = sourcecode.c.h; path = Ch1_1_ViewController.h; sourceTree = "<group>"; };
		6433F3C21FED0D5100056A31 /* Ch1_1_ViewController.m */ = {isa = PBXFileReference; lastKnownFileType = sourcecode.c.objc; path = Ch1_1_ViewController.m; sourceTree = "<group>"; };
		6433F3C31FED0D5100056A31 /* Ch1_1_ViewController.xib */ = {isa = PBXFileReference; lastKnownFileType = file.xib; path = Ch1_1_ViewController.xib; sourceTree = "<group>"; };
		644D23261FE3D71900C53861 /* Ch2_1_ViewController.m */ = {isa = PBXFileReference; fileEncoding = 4; lastKnownFileType = sourcecode.c.objc; path = Ch2_1_ViewController.m; sourceTree = "<group>"; };
		644D23271FE3D71900C53861 /* Ch2_1_ViewController.h */ = {isa = PBXFileReference; fileEncoding = 4; lastKnownFileType = sourcecode.c.h; path = Ch2_1_ViewController.h; sourceTree = "<group>"; };
		644D23291FE3D71900C53861 /* Ch2_2_ViewController.h */ = {isa = PBXFileReference; fileEncoding = 4; lastKnownFileType = sourcecode.c.h; path = Ch2_2_ViewController.h; sourceTree = "<group>"; };
		644D232A1FE3D71900C53861 /* Ch2_2_ViewController.m */ = {isa = PBXFileReference; fileEncoding = 4; lastKnownFileType = sourcecode.c.objc; path = Ch2_2_ViewController.m; sourceTree = "<group>"; };
		644D232C1FE3D71900C53861 /* BaseViewController.m */ = {isa = PBXFileReference; fileEncoding = 4; lastKnownFileType = sourcecode.c.objc; path = BaseViewController.m; sourceTree = "<group>"; };
		644D232D1FE3D71900C53861 /* BaseViewController.h */ = {isa = PBXFileReference; fileEncoding = 4; lastKnownFileType = sourcecode.c.h; path = BaseViewController.h; sourceTree = "<group>"; };
		644D23311FE3D74A00C53861 /* AGLKView.h */ = {isa = PBXFileReference; lastKnownFileType = sourcecode.c.h; path = AGLKView.h; sourceTree = "<group>"; };
		644D23321FE3D74A00C53861 /* AGLKView.m */ = {isa = PBXFileReference; lastKnownFileType = sourcecode.c.objc; path = AGLKView.m; sourceTree = "<group>"; };
		646F90591FEA45E50074B4DF /* Ch3_4_ViewController.h */ = {isa = PBXFileReference; lastKnownFileType = sourcecode.c.h; path = Ch3_4_ViewController.h; sourceTree = "<group>"; };
		646F905A1FEA45E50074B4DF /* Ch3_4_ViewController.m */ = {isa = PBXFileReference; lastKnownFileType = sourcecode.c.objc; path = Ch3_4_ViewController.m; sourceTree = "<group>"; };
		646F905B1FEA45E50074B4DF /* Ch3_4_ViewController.xib */ = {isa = PBXFileReference; lastKnownFileType = file.xib; path = Ch3_4_ViewController.xib; sourceTree = "<group>"; };
		646F90651FEA46CA0074B4DF /* Ch3_5_ViewController.h */ = {isa = PBXFileReference; lastKnownFileType = sourcecode.c.h; path = Ch3_5_ViewController.h; sourceTree = "<group>"; };
		646F90661FEA46CA0074B4DF /* Ch3_5_ViewController.m */ = {isa = PBXFileReference; lastKnownFileType = sourcecode.c.objc; path = Ch3_5_ViewController.m; sourceTree = "<group>"; };
		646F90671FEA46CA0074B4DF /* Ch3_5_ViewController.xib */ = {isa = PBXFileReference; lastKnownFileType = file.xib; path = Ch3_5_ViewController.xib; sourceTree = "<group>"; };
		646F906A1FEA46DB0074B4DF /* Ch3_6_ViewController.h */ = {isa = PBXFileReference; lastKnownFileType = sourcecode.c.h; path = Ch3_6_ViewController.h; sourceTree = "<group>"; };
		646F906B1FEA46DB0074B4DF /* Ch3_6_ViewController.m */ = {isa = PBXFileReference; lastKnownFileType = sourcecode.c.objc; path = Ch3_6_ViewController.m; sourceTree = "<group>"; };
		646F906C1FEA46DB0074B4DF /* Ch3_6_ViewController.xib */ = {isa = PBXFileReference; lastKnownFileType = file.xib; path = Ch3_6_ViewController.xib; sourceTree = "<group>"; };
		646F906F1FEA50990074B4DF /* leaves.gif */ = {isa = PBXFileReference; lastKnownFileType = image.gif; path = leaves.gif; sourceTree = "<group>"; };
		646F90701FEA50990074B4DF /* beetle.png */ = {isa = PBXFileReference; lastKnownFileType = image.png; path = beetle.png; sourceTree = "<group>"; };
		646F90731FEA51440074B4DF /* leaves.png */ = {isa = PBXFileReference; lastKnownFileType = image.png; path = leaves.png; sourceTree = "<group>"; };
		646F90821FEA71100074B4DF /* Shader.fsh */ = {isa = PBXFileReference; explicitFileType = sourcecode.glsl; path = Shader.fsh; sourceTree = "<group>"; };
		646F90841FEA71340074B4DF /* Shader.vsh */ = {isa = PBXFileReference; explicitFileType = sourcecode.glsl; path = Shader.vsh; sourceTree = "<group>"; };
		6473B8E31FE28EDC0026D9DE /* LearningOpenGL ES2.0.app */ = {isa = PBXFileReference; explicitFileType = wrapper.application; includeInIndex = 0; path = "LearningOpenGL ES2.0.app"; sourceTree = BUILT_PRODUCTS_DIR; };
		6473B8E61FE28EDC0026D9DE /* AppDelegate.h */ = {isa = PBXFileReference; lastKnownFileType = sourcecode.c.h; path = AppDelegate.h; sourceTree = "<group>"; };
		6473B8E71FE28EDC0026D9DE /* AppDelegate.m */ = {isa = PBXFileReference; lastKnownFileType = sourcecode.c.objc; path = AppDelegate.m; sourceTree = "<group>"; };
		6473B8ED1FE28EDC0026D9DE /* Base */ = {isa = PBXFileReference; lastKnownFileType = file.storyboard; name = Base; path = Base.lproj/Main.storyboard; sourceTree = "<group>"; };
		6473B8EF1FE28EDC0026D9DE /* Assets.xcassets */ = {isa = PBXFileReference; lastKnownFileType = folder.assetcatalog; path = Assets.xcassets; sourceTree = "<group>"; };
		6473B8F21FE28EDC0026D9DE /* Base */ = {isa = PBXFileReference; lastKnownFileType = file.storyboard; name = Base; path = Base.lproj/LaunchScreen.storyboard; sourceTree = "<group>"; };
		6473B8F41FE28EDC0026D9DE /* Info.plist */ = {isa = PBXFileReference; lastKnownFileType = text.plist.xml; path = Info.plist; sourceTree = "<group>"; };
		6473B8F51FE28EDC0026D9DE /* main.m */ = {isa = PBXFileReference; lastKnownFileType = sourcecode.c.objc; path = main.m; sourceTree = "<group>"; };
		6473B8FB1FE28EDC0026D9DE /* LearningOpenGL ES2.0Tests.xctest */ = {isa = PBXFileReference; explicitFileType = wrapper.cfbundle; includeInIndex = 0; path = "LearningOpenGL ES2.0Tests.xctest"; sourceTree = BUILT_PRODUCTS_DIR; };
		6473B8FF1FE28EDC0026D9DE /* LearningOpenGL_ES2_0Tests.m */ = {isa = PBXFileReference; lastKnownFileType = sourcecode.c.objc; path = LearningOpenGL_ES2_0Tests.m; sourceTree = "<group>"; };
		6473B9011FE28EDC0026D9DE /* Info.plist */ = {isa = PBXFileReference; lastKnownFileType = text.plist.xml; path = Info.plist; sourceTree = "<group>"; };
		6473B9061FE28EDC0026D9DE /* LearningOpenGL ES2.0UITests.xctest */ = {isa = PBXFileReference; explicitFileType = wrapper.cfbundle; includeInIndex = 0; path = "LearningOpenGL ES2.0UITests.xctest"; sourceTree = BUILT_PRODUCTS_DIR; };
		6473B90A1FE28EDC0026D9DE /* LearningOpenGL_ES2_0UITests.m */ = {isa = PBXFileReference; lastKnownFileType = sourcecode.c.objc; path = LearningOpenGL_ES2_0UITests.m; sourceTree = "<group>"; };
		6473B90C1FE28EDC0026D9DE /* Info.plist */ = {isa = PBXFileReference; lastKnownFileType = text.plist.xml; path = Info.plist; sourceTree = "<group>"; };
		6473B9181FE292AB0026D9DE /* RootTableViewController.h */ = {isa = PBXFileReference; lastKnownFileType = sourcecode.c.h; path = RootTableViewController.h; sourceTree = "<group>"; };
		6473B9191FE292AB0026D9DE /* RootTableViewController.m */ = {isa = PBXFileReference; lastKnownFileType = sourcecode.c.objc; path = RootTableViewController.m; sourceTree = "<group>"; };
		6473B9271FE2AA8E0026D9DE /* RootNavigationController.h */ = {isa = PBXFileReference; lastKnownFileType = sourcecode.c.h; path = RootNavigationController.h; sourceTree = "<group>"; };
		6473B9281FE2AA8E0026D9DE /* RootNavigationController.m */ = {isa = PBXFileReference; lastKnownFileType = sourcecode.c.objc; path = RootNavigationController.m; sourceTree = "<group>"; };
/* End PBXFileReference section */

/* Begin PBXFrameworksBuildPhase section */
		6473B8E01FE28EDC0026D9DE /* Frameworks */ = {
			isa = PBXFrameworksBuildPhase;
			buildActionMask = 2147483647;
			files = (
				6413E3371FE77D0100215F38 /* GLKit.framework in Frameworks */,
				6413E3351FE77C8300215F38 /* OpenGLES.framework in Frameworks */,
			);
			runOnlyForDeploymentPostprocessing = 0;
		};
		6473B8F81FE28EDC0026D9DE /* Frameworks */ = {
			isa = PBXFrameworksBuildPhase;
			buildActionMask = 2147483647;
			files = (
			);
			runOnlyForDeploymentPostprocessing = 0;
		};
		6473B9031FE28EDC0026D9DE /* Frameworks */ = {
			isa = PBXFrameworksBuildPhase;
			buildActionMask = 2147483647;
			files = (
			);
			runOnlyForDeploymentPostprocessing = 0;
		};
/* End PBXFrameworksBuildPhase section */

/* Begin PBXGroup section */
		6411FC181FE8EAB2000EA494 /* AGLKit */ = {
			isa = PBXGroup;
			children = (
				6411FC191FE8EEBB000EA494 /* AGLKit.h */,
				644D23311FE3D74A00C53861 /* AGLKView.h */,
				644D23321FE3D74A00C53861 /* AGLKView.m */,
				6413E32F1FE77C3400215F38 /* AGLKContext.h */,
				6413E3301FE77C3400215F38 /* AGLKContext.m */,
				6413E3381FE7954600215F38 /* AGLKVertexAttribArrayBuffer.h */,
				6413E3391FE7954600215F38 /* AGLKVertexAttribArrayBuffer.m */,
				6413E3461FE7BFA100215F38 /* AGLKTextureInfo.h */,
				6413E3471FE7BFA100215F38 /* AGLKTextureInfo.m */,
				6413E3491FE7BFFB00215F38 /* AGLKTextureLoader.h */,
				6413E34A1FE7BFFB00215F38 /* AGLKTextureLoader.m */,
				6411FC261FE91C72000EA494 /* GLKEffectPropertyTexture+AGLKAdditions.h */,
				6411FC271FE91C72000EA494 /* GLKEffectPropertyTexture+AGLKAdditions.m */,
			);
			path = AGLKit;
			sourceTree = "<group>";
		};
		6411FC1A1FE8F714000EA494 /* SourceFile */ = {
			isa = PBXGroup;
			children = (
				646F90731FEA51440074B4DF /* leaves.png */,
				646F90701FEA50990074B4DF /* beetle.png */,
				646F906F1FEA50990074B4DF /* leaves.gif */,
				6411FC241FE91393000EA494 /* grid.png */,
				6413E3441FE7BD2E00215F38 /* icon.png */,
			);
			path = SourceFile;
			sourceTree = "<group>";
		};
		6411FC1B1FE90B5F000EA494 /* Ch3_3 */ = {
			isa = PBXGroup;
			children = (
				6411FC1F1FE90D4F000EA494 /* Ch3_3_ViewController.h */,
				6411FC201FE90D4F000EA494 /* Ch3_3_ViewController.m */,
				6411FC211FE90D4F000EA494 /* Ch3_3_ViewController.xib */,
			);
			path = Ch3_3;
			sourceTree = "<group>";
		};
		6413E32E1FE77BDF00215F38 /* Ch3_1 */ = {
			isa = PBXGroup;
			children = (
				6413E33B1FE7A48600215F38 /* Ch3_1_ViewController.h */,
				6413E33C1FE7A48600215F38 /* Ch3_1_ViewController.m */,
			);
			path = Ch3_1;
			sourceTree = "<group>";
		};
		6413E3331FE77C8300215F38 /* Frameworks */ = {
			isa = PBXGroup;
			children = (
				6413E3361FE77D0100215F38 /* GLKit.framework */,
				6413E3341FE77C8300215F38 /* OpenGLES.framework */,
			);
			name = Frameworks;
			sourceTree = "<group>";
		};
		6413E3401FE7BA2B00215F38 /* Ch3_2 */ = {
			isa = PBXGroup;
			children = (
				6413E3411FE7BA5100215F38 /* Ch3_2_ViewController.h */,
				6413E3421FE7BA5100215F38 /* Ch3_2_ViewController.m */,
			);
			path = Ch3_2;
			sourceTree = "<group>";
		};
		6433F3C01FED0D2A00056A31 /* Ch1_1 */ = {
			isa = PBXGroup;
			children = (
				6433F3C11FED0D5100056A31 /* Ch1_1_ViewController.h */,
				6433F3C21FED0D5100056A31 /* Ch1_1_ViewController.m */,
				6433F3C31FED0D5100056A31 /* Ch1_1_ViewController.xib */,
			);
			path = Ch1_1;
			sourceTree = "<group>";
		};
		644D23251FE3D71900C53861 /* Ch2_1 */ = {
			isa = PBXGroup;
			children = (
				644D23271FE3D71900C53861 /* Ch2_1_ViewController.h */,
				644D23261FE3D71900C53861 /* Ch2_1_ViewController.m */,
			);
			path = Ch2_1;
			sourceTree = "<group>";
		};
		644D23281FE3D71900C53861 /* Ch2_2 */ = {
			isa = PBXGroup;
			children = (
				644D23291FE3D71900C53861 /* Ch2_2_ViewController.h */,
				644D232A1FE3D71900C53861 /* Ch2_2_ViewController.m */,
			);
			path = Ch2_2;
			sourceTree = "<group>";
		};
		644D232B1FE3D71900C53861 /* BaseViewController */ = {
			isa = PBXGroup;
			children = (
				644D232D1FE3D71900C53861 /* BaseViewController.h */,
				644D232C1FE3D71900C53861 /* BaseViewController.m */,
			);
			path = BaseViewController;
			sourceTree = "<group>";
		};
		646F90571FEA45400074B4DF /* Ch3_4 */ = {
			isa = PBXGroup;
			children = (
				646F90591FEA45E50074B4DF /* Ch3_4_ViewController.h */,
				646F905A1FEA45E50074B4DF /* Ch3_4_ViewController.m */,
				646F905B1FEA45E50074B4DF /* Ch3_4_ViewController.xib */,
			);
			path = Ch3_4;
			sourceTree = "<group>";
		};
		646F90581FEA454F0074B4DF /* Ch3_5 */ = {
			isa = PBXGroup;
			children = (
				646F90651FEA46CA0074B4DF /* Ch3_5_ViewController.h */,
				646F90661FEA46CA0074B4DF /* Ch3_5_ViewController.m */,
				646F90671FEA46CA0074B4DF /* Ch3_5_ViewController.xib */,
			);
			path = Ch3_5;
			sourceTree = "<group>";
		};
		646F905E1FEA460A0074B4DF /* Ch3_6 */ = {
			isa = PBXGroup;
			children = (
				646F90811FEA709F0074B4DF /* shaders */,
				646F906A1FEA46DB0074B4DF /* Ch3_6_ViewController.h */,
				646F906B1FEA46DB0074B4DF /* Ch3_6_ViewController.m */,
				646F906C1FEA46DB0074B4DF /* Ch3_6_ViewController.xib */,
			);
			path = Ch3_6;
			sourceTree = "<group>";
		};
		646F905F1FEA462F0074B4DF /* Ch4_1 */ = {
			isa = PBXGroup;
			children = (
			);
			path = Ch4_1;
			sourceTree = "<group>";
		};
		646F90611FEA46390074B4DF /* Ch4_2 */ = {
			isa = PBXGroup;
			children = (
			);
			path = Ch4_2;
			sourceTree = "<group>";
		};
		646F90811FEA709F0074B4DF /* shaders */ = {
			isa = PBXGroup;
			children = (
				646F90821FEA71100074B4DF /* Shader.fsh */,
				646F90841FEA71340074B4DF /* Shader.vsh */,
			);
			path = shaders;
			sourceTree = "<group>";
		};
		6473B8DA1FE28EDC0026D9DE = {
			isa = PBXGroup;
			children = (
				6473B8E51FE28EDC0026D9DE /* LearningOpenGL ES2.0 */,
				6473B8FE1FE28EDC0026D9DE /* LearningOpenGL ES2.0Tests */,
				6473B9091FE28EDC0026D9DE /* LearningOpenGL ES2.0UITests */,
				6473B8E41FE28EDC0026D9DE /* Products */,
				6413E3331FE77C8300215F38 /* Frameworks */,
			);
			sourceTree = "<group>";
		};
		6473B8E41FE28EDC0026D9DE /* Products */ = {
			isa = PBXGroup;
			children = (
				6473B8E31FE28EDC0026D9DE /* LearningOpenGL ES2.0.app */,
				6473B8FB1FE28EDC0026D9DE /* LearningOpenGL ES2.0Tests.xctest */,
				6473B9061FE28EDC0026D9DE /* LearningOpenGL ES2.0UITests.xctest */,
			);
			name = Products;
			sourceTree = "<group>";
		};
		6473B8E51FE28EDC0026D9DE /* LearningOpenGL ES2.0 */ = {
			isa = PBXGroup;
			children = (
				6433F3C01FED0D2A00056A31 /* Ch1_1 */,
				6411FC181FE8EAB2000EA494 /* AGLKit */,
				644D232B1FE3D71900C53861 /* BaseViewController */,
				644D23251FE3D71900C53861 /* Ch2_1 */,
				644D23281FE3D71900C53861 /* Ch2_2 */,
				6413E32E1FE77BDF00215F38 /* Ch3_1 */,
				6413E3401FE7BA2B00215F38 /* Ch3_2 */,
				6411FC1B1FE90B5F000EA494 /* Ch3_3 */,
				646F90571FEA45400074B4DF /* Ch3_4 */,
				646F90581FEA454F0074B4DF /* Ch3_5 */,
				646F905E1FEA460A0074B4DF /* Ch3_6 */,
				646F905F1FEA462F0074B4DF /* Ch4_1 */,
				646F90611FEA46390074B4DF /* Ch4_2 */,
				6473B8E61FE28EDC0026D9DE /* AppDelegate.h */,
				6473B8E71FE28EDC0026D9DE /* AppDelegate.m */,
				6473B9271FE2AA8E0026D9DE /* RootNavigationController.h */,
				6473B9281FE2AA8E0026D9DE /* RootNavigationController.m */,
				6473B9181FE292AB0026D9DE /* RootTableViewController.h */,
				6473B9191FE292AB0026D9DE /* RootTableViewController.m */,
				6411FC1A1FE8F714000EA494 /* SourceFile */,
				6473B8EC1FE28EDC0026D9DE /* Main.storyboard */,
				6473B8EF1FE28EDC0026D9DE /* Assets.xcassets */,
				6473B8F11FE28EDC0026D9DE /* LaunchScreen.storyboard */,
				6473B8F41FE28EDC0026D9DE /* Info.plist */,
				6473B8F51FE28EDC0026D9DE /* main.m */,
			);
			path = "LearningOpenGL ES2.0";
			sourceTree = "<group>";
		};
		6473B8FE1FE28EDC0026D9DE /* LearningOpenGL ES2.0Tests */ = {
			isa = PBXGroup;
			children = (
				6473B8FF1FE28EDC0026D9DE /* LearningOpenGL_ES2_0Tests.m */,
				6473B9011FE28EDC0026D9DE /* Info.plist */,
			);
			path = "LearningOpenGL ES2.0Tests";
			sourceTree = "<group>";
		};
		6473B9091FE28EDC0026D9DE /* LearningOpenGL ES2.0UITests */ = {
			isa = PBXGroup;
			children = (
				6473B90A1FE28EDC0026D9DE /* LearningOpenGL_ES2_0UITests.m */,
				6473B90C1FE28EDC0026D9DE /* Info.plist */,
			);
			path = "LearningOpenGL ES2.0UITests";
			sourceTree = "<group>";
		};
/* End PBXGroup section */

/* Begin PBXNativeTarget section */
		6473B8E21FE28EDC0026D9DE /* LearningOpenGL ES2.0 */ = {
			isa = PBXNativeTarget;
			buildConfigurationList = 6473B90F1FE28EDC0026D9DE /* Build configuration list for PBXNativeTarget "LearningOpenGL ES2.0" */;
			buildPhases = (
				6473B8DF1FE28EDC0026D9DE /* Sources */,
				6473B8E01FE28EDC0026D9DE /* Frameworks */,
				6473B8E11FE28EDC0026D9DE /* Resources */,
			);
			buildRules = (
			);
			dependencies = (
			);
			name = "LearningOpenGL ES2.0";
			productName = "LearningOpenGL ES2.0";
			productReference = 6473B8E31FE28EDC0026D9DE /* LearningOpenGL ES2.0.app */;
			productType = "com.apple.product-type.application";
		};
		6473B8FA1FE28EDC0026D9DE /* LearningOpenGL ES2.0Tests */ = {
			isa = PBXNativeTarget;
			buildConfigurationList = 6473B9121FE28EDC0026D9DE /* Build configuration list for PBXNativeTarget "LearningOpenGL ES2.0Tests" */;
			buildPhases = (
				6473B8F71FE28EDC0026D9DE /* Sources */,
				6473B8F81FE28EDC0026D9DE /* Frameworks */,
				6473B8F91FE28EDC0026D9DE /* Resources */,
			);
			buildRules = (
			);
			dependencies = (
				6473B8FD1FE28EDC0026D9DE /* PBXTargetDependency */,
			);
			name = "LearningOpenGL ES2.0Tests";
			productName = "LearningOpenGL ES2.0Tests";
			productReference = 6473B8FB1FE28EDC0026D9DE /* LearningOpenGL ES2.0Tests.xctest */;
			productType = "com.apple.product-type.bundle.unit-test";
		};
		6473B9051FE28EDC0026D9DE /* LearningOpenGL ES2.0UITests */ = {
			isa = PBXNativeTarget;
			buildConfigurationList = 6473B9151FE28EDC0026D9DE /* Build configuration list for PBXNativeTarget "LearningOpenGL ES2.0UITests" */;
			buildPhases = (
				6473B9021FE28EDC0026D9DE /* Sources */,
				6473B9031FE28EDC0026D9DE /* Frameworks */,
				6473B9041FE28EDC0026D9DE /* Resources */,
			);
			buildRules = (
			);
			dependencies = (
				6473B9081FE28EDC0026D9DE /* PBXTargetDependency */,
			);
			name = "LearningOpenGL ES2.0UITests";
			productName = "LearningOpenGL ES2.0UITests";
			productReference = 6473B9061FE28EDC0026D9DE /* LearningOpenGL ES2.0UITests.xctest */;
			productType = "com.apple.product-type.bundle.ui-testing";
		};
/* End PBXNativeTarget section */

/* Begin PBXProject section */
		6473B8DB1FE28EDC0026D9DE /* Project object */ = {
			isa = PBXProject;
			attributes = {
				LastUpgradeCheck = 0920;
				ORGANIZATIONNAME = fjq;
				TargetAttributes = {
					6473B8E21FE28EDC0026D9DE = {
						CreatedOnToolsVersion = 9.2;
						ProvisioningStyle = Automatic;
					};
					6473B8FA1FE28EDC0026D9DE = {
						CreatedOnToolsVersion = 9.2;
						ProvisioningStyle = Automatic;
						TestTargetID = 6473B8E21FE28EDC0026D9DE;
					};
					6473B9051FE28EDC0026D9DE = {
						CreatedOnToolsVersion = 9.2;
						ProvisioningStyle = Automatic;
						TestTargetID = 6473B8E21FE28EDC0026D9DE;
					};
				};
			};
			buildConfigurationList = 6473B8DE1FE28EDC0026D9DE /* Build configuration list for PBXProject "LearningOpenGL ES2.0" */;
			compatibilityVersion = "Xcode 8.0";
			developmentRegion = en;
			hasScannedForEncodings = 0;
			knownRegions = (
				en,
				Base,
			);
			mainGroup = 6473B8DA1FE28EDC0026D9DE;
			productRefGroup = 6473B8E41FE28EDC0026D9DE /* Products */;
			projectDirPath = "";
			projectRoot = "";
			targets = (
				6473B8E21FE28EDC0026D9DE /* LearningOpenGL ES2.0 */,
				6473B8FA1FE28EDC0026D9DE /* LearningOpenGL ES2.0Tests */,
				6473B9051FE28EDC0026D9DE /* LearningOpenGL ES2.0UITests */,
			);
		};
/* End PBXProject section */

/* Begin PBXResourcesBuildPhase section */
		6473B8E11FE28EDC0026D9DE /* Resources */ = {
			isa = PBXResourcesBuildPhase;
			buildActionMask = 2147483647;
			files = (
				646F90691FEA46CA0074B4DF /* Ch3_5_ViewController.xib in Resources */,
				646F90741FEA51450074B4DF /* leaves.png in Resources */,
				646F905D1FEA45E50074B4DF /* Ch3_4_ViewController.xib in Resources */,
				6473B8F31FE28EDC0026D9DE /* LaunchScreen.storyboard in Resources */,
				6473B8F01FE28EDC0026D9DE /* Assets.xcassets in Resources */,
				6411FC231FE90D4F000EA494 /* Ch3_3_ViewController.xib in Resources */,
				646F90831FEA71100074B4DF /* Shader.fsh in Resources */,
				646F90721FEA50990074B4DF /* beetle.png in Resources */,
				646F90851FEA71340074B4DF /* Shader.vsh in Resources */,
				6473B8EE1FE28EDC0026D9DE /* Main.storyboard in Resources */,
				646F90711FEA50990074B4DF /* leaves.gif in Resources */,
				6433F3C51FED0D5100056A31 /* Ch1_1_ViewController.xib in Resources */,
				6411FC251FE91393000EA494 /* grid.png in Resources */,
				646F906E1FEA46DB0074B4DF /* Ch3_6_ViewController.xib in Resources */,
				6413E3451FE7BD2E00215F38 /* icon.png in Resources */,
			);
			runOnlyForDeploymentPostprocessing = 0;
		};
		6473B8F91FE28EDC0026D9DE /* Resources */ = {
			isa = PBXResourcesBuildPhase;
			buildActionMask = 2147483647;
			files = (
			);
			runOnlyForDeploymentPostprocessing = 0;
		};
		6473B9041FE28EDC0026D9DE /* Resources */ = {
			isa = PBXResourcesBuildPhase;
			buildActionMask = 2147483647;
			files = (
			);
			runOnlyForDeploymentPostprocessing = 0;
		};
/* End PBXResourcesBuildPhase section */

/* Begin PBXSourcesBuildPhase section */
		6473B8DF1FE28EDC0026D9DE /* Sources */ = {
			isa = PBXSourcesBuildPhase;
			buildActionMask = 2147483647;
			files = (
				6473B8F61FE28EDC0026D9DE /* main.m in Sources */,
				644D232F1FE3D71900C53861 /* Ch2_2_ViewController.m in Sources */,
				6413E3431FE7BA5100215F38 /* Ch3_2_ViewController.m in Sources */,
				6413E33A1FE7954600215F38 /* AGLKVertexAttribArrayBuffer.m in Sources */,
				6473B9291FE2AA8E0026D9DE /* RootNavigationController.m in Sources */,
				646F906D1FEA46DB0074B4DF /* Ch3_6_ViewController.m in Sources */,
				6473B8E81FE28EDC0026D9DE /* AppDelegate.m in Sources */,
				6411FC221FE90D4F000EA494 /* Ch3_3_ViewController.m in Sources */,
				646F90681FEA46CA0074B4DF /* Ch3_5_ViewController.m in Sources */,
				6413E3311FE77C3400215F38 /* AGLKContext.m in Sources */,
				644D232E1FE3D71900C53861 /* Ch2_1_ViewController.m in Sources */,
				6413E33D1FE7A48600215F38 /* Ch3_1_ViewController.m in Sources */,
				6413E34B1FE7BFFB00215F38 /* AGLKTextureLoader.m in Sources */,
				644D23301FE3D71900C53861 /* BaseViewController.m in Sources */,
				6413E3481FE7BFA100215F38 /* AGLKTextureInfo.m in Sources */,
				6411FC281FE91C72000EA494 /* GLKEffectPropertyTexture+AGLKAdditions.m in Sources */,
				6473B91A1FE292AB0026D9DE /* RootTableViewController.m in Sources */,
				646F905C1FEA45E50074B4DF /* Ch3_4_ViewController.m in Sources */,
				644D23331FE3D74A00C53861 /* AGLKView.m in Sources */,
				6433F3C41FED0D5100056A31 /* Ch1_1_ViewController.m in Sources */,
			);
			runOnlyForDeploymentPostprocessing = 0;
		};
		6473B8F71FE28EDC0026D9DE /* Sources */ = {
			isa = PBXSourcesBuildPhase;
			buildActionMask = 2147483647;
			files = (
				6473B9001FE28EDC0026D9DE /* LearningOpenGL_ES2_0Tests.m in Sources */,
			);
			runOnlyForDeploymentPostprocessing = 0;
		};
		6473B9021FE28EDC0026D9DE /* Sources */ = {
			isa = PBXSourcesBuildPhase;
			buildActionMask = 2147483647;
			files = (
				6473B90B1FE28EDC0026D9DE /* LearningOpenGL_ES2_0UITests.m in Sources */,
			);
			runOnlyForDeploymentPostprocessing = 0;
		};
/* End PBXSourcesBuildPhase section */

/* Begin PBXTargetDependency section */
		6473B8FD1FE28EDC0026D9DE /* PBXTargetDependency */ = {
			isa = PBXTargetDependency;
			target = 6473B8E21FE28EDC0026D9DE /* LearningOpenGL ES2.0 */;
			targetProxy = 6473B8FC1FE28EDC0026D9DE /* PBXContainerItemProxy */;
		};
		6473B9081FE28EDC0026D9DE /* PBXTargetDependency */ = {
			isa = PBXTargetDependency;
			target = 6473B8E21FE28EDC0026D9DE /* LearningOpenGL ES2.0 */;
			targetProxy = 6473B9071FE28EDC0026D9DE /* PBXContainerItemProxy */;
		};
/* End PBXTargetDependency section */

/* Begin PBXVariantGroup section */
		6473B8EC1FE28EDC0026D9DE /* Main.storyboard */ = {
			isa = PBXVariantGroup;
			children = (
				6473B8ED1FE28EDC0026D9DE /* Base */,
			);
			name = Main.storyboard;
			sourceTree = "<group>";
		};
		6473B8F11FE28EDC0026D9DE /* LaunchScreen.storyboard */ = {
			isa = PBXVariantGroup;
			children = (
				6473B8F21FE28EDC0026D9DE /* Base */,
			);
			name = LaunchScreen.storyboard;
			sourceTree = "<group>";
		};
/* End PBXVariantGroup section */

/* Begin XCBuildConfiguration section */
		6473B90D1FE28EDC0026D9DE /* Debug */ = {
			isa = XCBuildConfiguration;
			buildSettings = {
				ALWAYS_SEARCH_USER_PATHS = NO;
				CLANG_ANALYZER_NONNULL = YES;
				CLANG_ANALYZER_NUMBER_OBJECT_CONVERSION = YES_AGGRESSIVE;
				CLANG_CXX_LANGUAGE_STANDARD = "gnu++14";
				CLANG_CXX_LIBRARY = "libc++";
				CLANG_ENABLE_MODULES = YES;
				CLANG_ENABLE_OBJC_ARC = YES;
				CLANG_WARN_BLOCK_CAPTURE_AUTORELEASING = YES;
				CLANG_WARN_BOOL_CONVERSION = YES;
				CLANG_WARN_COMMA = YES;
				CLANG_WARN_CONSTANT_CONVERSION = YES;
				CLANG_WARN_DIRECT_OBJC_ISA_USAGE = YES_ERROR;
				CLANG_WARN_DOCUMENTATION_COMMENTS = YES;
				CLANG_WARN_EMPTY_BODY = YES;
				CLANG_WARN_ENUM_CONVERSION = YES;
				CLANG_WARN_INFINITE_RECURSION = YES;
				CLANG_WARN_INT_CONVERSION = YES;
				CLANG_WARN_NON_LITERAL_NULL_CONVERSION = YES;
				CLANG_WARN_OBJC_LITERAL_CONVERSION = YES;
				CLANG_WARN_OBJC_ROOT_CLASS = YES_ERROR;
				CLANG_WARN_RANGE_LOOP_ANALYSIS = YES;
				CLANG_WARN_STRICT_PROTOTYPES = YES;
				CLANG_WARN_SUSPICIOUS_MOVE = YES;
				CLANG_WARN_UNGUARDED_AVAILABILITY = YES_AGGRESSIVE;
				CLANG_WARN_UNREACHABLE_CODE = YES;
				CLANG_WARN__DUPLICATE_METHOD_MATCH = YES;
				CODE_SIGN_IDENTITY = "iPhone Developer";
				COPY_PHASE_STRIP = NO;
				DEBUG_INFORMATION_FORMAT = dwarf;
				ENABLE_STRICT_OBJC_MSGSEND = YES;
				ENABLE_TESTABILITY = YES;
				GCC_C_LANGUAGE_STANDARD = gnu11;
				GCC_DYNAMIC_NO_PIC = NO;
				GCC_NO_COMMON_BLOCKS = YES;
				GCC_OPTIMIZATION_LEVEL = 0;
				GCC_PREPROCESSOR_DEFINITIONS = (
					"DEBUG=1",
					"$(inherited)",
				);
				GCC_WARN_64_TO_32_BIT_CONVERSION = YES;
				GCC_WARN_ABOUT_RETURN_TYPE = YES_ERROR;
				GCC_WARN_UNDECLARED_SELECTOR = YES;
				GCC_WARN_UNINITIALIZED_AUTOS = YES_AGGRESSIVE;
				GCC_WARN_UNUSED_FUNCTION = YES;
				GCC_WARN_UNUSED_VARIABLE = YES;
				IPHONEOS_DEPLOYMENT_TARGET = 11.2;
				MTL_ENABLE_DEBUG_INFO = YES;
				ONLY_ACTIVE_ARCH = YES;
				SDKROOT = iphoneos;
			};
			name = Debug;
		};
		6473B90E1FE28EDC0026D9DE /* Release */ = {
			isa = XCBuildConfiguration;
			buildSettings = {
				ALWAYS_SEARCH_USER_PATHS = NO;
				CLANG_ANALYZER_NONNULL = YES;
				CLANG_ANALYZER_NUMBER_OBJECT_CONVERSION = YES_AGGRESSIVE;
				CLANG_CXX_LANGUAGE_STANDARD = "gnu++14";
				CLANG_CXX_LIBRARY = "libc++";
				CLANG_ENABLE_MODULES = YES;
				CLANG_ENABLE_OBJC_ARC = YES;
				CLANG_WARN_BLOCK_CAPTURE_AUTORELEASING = YES;
				CLANG_WARN_BOOL_CONVERSION = YES;
				CLANG_WARN_COMMA = YES;
				CLANG_WARN_CONSTANT_CONVERSION = YES;
				CLANG_WARN_DIRECT_OBJC_ISA_USAGE = YES_ERROR;
				CLANG_WARN_DOCUMENTATION_COMMENTS = YES;
				CLANG_WARN_EMPTY_BODY = YES;
				CLANG_WARN_ENUM_CONVERSION = YES;
				CLANG_WARN_INFINITE_RECURSION = YES;
				CLANG_WARN_INT_CONVERSION = YES;
				CLANG_WARN_NON_LITERAL_NULL_CONVERSION = YES;
				CLANG_WARN_OBJC_LITERAL_CONVERSION = YES;
				CLANG_WARN_OBJC_ROOT_CLASS = YES_ERROR;
				CLANG_WARN_RANGE_LOOP_ANALYSIS = YES;
				CLANG_WARN_STRICT_PROTOTYPES = YES;
				CLANG_WARN_SUSPICIOUS_MOVE = YES;
				CLANG_WARN_UNGUARDED_AVAILABILITY = YES_AGGRESSIVE;
				CLANG_WARN_UNREACHABLE_CODE = YES;
				CLANG_WARN__DUPLICATE_METHOD_MATCH = YES;
				CODE_SIGN_IDENTITY = "iPhone Developer";
				COPY_PHASE_STRIP = NO;
				DEBUG_INFORMATION_FORMAT = "dwarf-with-dsym";
				ENABLE_NS_ASSERTIONS = NO;
				ENABLE_STRICT_OBJC_MSGSEND = YES;
				GCC_C_LANGUAGE_STANDARD = gnu11;
				GCC_NO_COMMON_BLOCKS = YES;
				GCC_WARN_64_TO_32_BIT_CONVERSION = YES;
				GCC_WARN_ABOUT_RETURN_TYPE = YES_ERROR;
				GCC_WARN_UNDECLARED_SELECTOR = YES;
				GCC_WARN_UNINITIALIZED_AUTOS = YES_AGGRESSIVE;
				GCC_WARN_UNUSED_FUNCTION = YES;
				GCC_WARN_UNUSED_VARIABLE = YES;
				IPHONEOS_DEPLOYMENT_TARGET = 11.2;
				MTL_ENABLE_DEBUG_INFO = NO;
				SDKROOT = iphoneos;
				VALIDATE_PRODUCT = YES;
			};
			name = Release;
		};
		6473B9101FE28EDC0026D9DE /* Debug */ = {
			isa = XCBuildConfiguration;
			buildSettings = {
				ASSETCATALOG_COMPILER_APPICON_NAME = AppIcon;
				CODE_SIGN_STYLE = Automatic;
				INFOPLIST_FILE = "LearningOpenGL ES2.0/Info.plist";
				LD_RUNPATH_SEARCH_PATHS = "$(inherited) @executable_path/Frameworks";
				PRODUCT_BUNDLE_IDENTIFIER = "com.LearningOpenGL-ES2-0";
				PRODUCT_NAME = "$(TARGET_NAME)";
				TARGETED_DEVICE_FAMILY = "1,2";
			};
			name = Debug;
		};
		6473B9111FE28EDC0026D9DE /* Release */ = {
			isa = XCBuildConfiguration;
			buildSettings = {
				ASSETCATALOG_COMPILER_APPICON_NAME = AppIcon;
				CODE_SIGN_STYLE = Automatic;
				INFOPLIST_FILE = "LearningOpenGL ES2.0/Info.plist";
				LD_RUNPATH_SEARCH_PATHS = "$(inherited) @executable_path/Frameworks";
				PRODUCT_BUNDLE_IDENTIFIER = "com.LearningOpenGL-ES2-0";
				PRODUCT_NAME = "$(TARGET_NAME)";
				TARGETED_DEVICE_FAMILY = "1,2";
			};
			name = Release;
		};
		6473B9131FE28EDC0026D9DE /* Debug */ = {
			isa = XCBuildConfiguration;
			buildSettings = {
				BUNDLE_LOADER = "$(TEST_HOST)";
				CODE_SIGN_STYLE = Automatic;
				INFOPLIST_FILE = "LearningOpenGL ES2.0Tests/Info.plist";
				LD_RUNPATH_SEARCH_PATHS = "$(inherited) @executable_path/Frameworks @loader_path/Frameworks";
				PRODUCT_BUNDLE_IDENTIFIER = "com.LearningOpenGL-ES2-0Tests";
				PRODUCT_NAME = "$(TARGET_NAME)";
				TARGETED_DEVICE_FAMILY = "1,2";
				TEST_HOST = "$(BUILT_PRODUCTS_DIR)/LearningOpenGL ES2.0.app/LearningOpenGL ES2.0";
			};
			name = Debug;
		};
		6473B9141FE28EDC0026D9DE /* Release */ = {
			isa = XCBuildConfiguration;
			buildSettings = {
				BUNDLE_LOADER = "$(TEST_HOST)";
				CODE_SIGN_STYLE = Automatic;
				INFOPLIST_FILE = "LearningOpenGL ES2.0Tests/Info.plist";
				LD_RUNPATH_SEARCH_PATHS = "$(inherited) @executable_path/Frameworks @loader_path/Frameworks";
				PRODUCT_BUNDLE_IDENTIFIER = "com.LearningOpenGL-ES2-0Tests";
				PRODUCT_NAME = "$(TARGET_NAME)";
				TARGETED_DEVICE_FAMILY = "1,2";
				TEST_HOST = "$(BUILT_PRODUCTS_DIR)/LearningOpenGL ES2.0.app/LearningOpenGL ES2.0";
			};
			name = Release;
		};
		6473B9161FE28EDC0026D9DE /* Debug */ = {
			isa = XCBuildConfiguration;
			buildSettings = {
				CODE_SIGN_STYLE = Automatic;
				INFOPLIST_FILE = "LearningOpenGL ES2.0UITests/Info.plist";
				LD_RUNPATH_SEARCH_PATHS = "$(inherited) @executable_path/Frameworks @loader_path/Frameworks";
				PRODUCT_BUNDLE_IDENTIFIER = "com.LearningOpenGL-ES2-0UITests";
				PRODUCT_NAME = "$(TARGET_NAME)";
				TARGETED_DEVICE_FAMILY = "1,2";
				TEST_TARGET_NAME = "LearningOpenGL ES2.0";
			};
			name = Debug;
		};
		6473B9171FE28EDC0026D9DE /* Release */ = {
			isa = XCBuildConfiguration;
			buildSettings = {
				CODE_SIGN_STYLE = Automatic;
				INFOPLIST_FILE = "LearningOpenGL ES2.0UITests/Info.plist";
				LD_RUNPATH_SEARCH_PATHS = "$(inherited) @executable_path/Frameworks @loader_path/Frameworks";
				PRODUCT_BUNDLE_IDENTIFIER = "com.LearningOpenGL-ES2-0UITests";
				PRODUCT_NAME = "$(TARGET_NAME)";
				TARGETED_DEVICE_FAMILY = "1,2";
				TEST_TARGET_NAME = "LearningOpenGL ES2.0";
			};
			name = Release;
		};
/* End XCBuildConfiguration section */

/* Begin XCConfigurationList section */
		6473B8DE1FE28EDC0026D9DE /* Build configuration list for PBXProject "LearningOpenGL ES2.0" */ = {
			isa = XCConfigurationList;
			buildConfigurations = (
				6473B90D1FE28EDC0026D9DE /* Debug */,
				6473B90E1FE28EDC0026D9DE /* Release */,
			);
			defaultConfigurationIsVisible = 0;
			defaultConfigurationName = Release;
		};
		6473B90F1FE28EDC0026D9DE /* Build configuration list for PBXNativeTarget "LearningOpenGL ES2.0" */ = {
			isa = XCConfigurationList;
			buildConfigurations = (
				6473B9101FE28EDC0026D9DE /* Debug */,
				6473B9111FE28EDC0026D9DE /* Release */,
			);
			defaultConfigurationIsVisible = 0;
			defaultConfigurationName = Release;
		};
		6473B9121FE28EDC0026D9DE /* Build configuration list for PBXNativeTarget "LearningOpenGL ES2.0Tests" */ = {
			isa = XCConfigurationList;
			buildConfigurations = (
				6473B9131FE28EDC0026D9DE /* Debug */,
				6473B9141FE28EDC0026D9DE /* Release */,
			);
			defaultConfigurationIsVisible = 0;
			defaultConfigurationName = Release;
		};
		6473B9151FE28EDC0026D9DE /* Build configuration list for PBXNativeTarget "LearningOpenGL ES2.0UITests" */ = {
			isa = XCConfigurationList;
			buildConfigurations = (
				6473B9161FE28EDC0026D9DE /* Debug */,
				6473B9171FE28EDC0026D9DE /* Release */,
			);
			defaultConfigurationIsVisible = 0;
			defaultConfigurationName = Release;
		};
/* End XCConfigurationList section */
	};
	rootObject = 6473B8DB1FE28EDC0026D9DE /* Project object */;
}
